<?xml version="1.0" encoding="Windows-1252"?>
<Project ToolsVersion="4.0" xmlns="http://schemas.microsoft.com/developer/msbuild/2003">
  <ItemGroup>
    <CustomBuild Include="..\CMakeLists.txt" />
    <CustomBuild Include="CMakeFiles\2feed8c253388e1fcdea64e7f8b1f6c2\ALL_BUILD.rule">
      <Filter>CMake Rules</Filter>
    </CustomBuild>
  </ItemGroup>
  <ItemGroup>
    <None Include="CMakeFiles\ALL_BUILD" />
  </ItemGroup>
  <ItemGroup>
    <Filter Include="CMake Rules">
      <UniqueIdentifier>{40A263D5-1F37-4025-9688-ADA5858432A9}</UniqueIdentifier>
    </Filter>
  </ItemGroup>
</Project>
